{
  "name": "@fink-andreas/pi-linear-tools",
  "version": "0.6.0",
  "lockfileVersion": 3,
  "requires": true,
  "packages": {
    "": {
      "name": "@fink-andreas/pi-linear-tools",
      "version": "0.6.0",
      "license": "MIT",
      "dependencies": {
        "@github/keytar": "^7.10.6",
        "@linear/sdk": "^75.0.0"
      },
      "bin": {
        "pi-linear-tools": "bin/pi-linear-tools.js"
      },
      "engines": {
        "node": ">=18.0.0"
      }
    },
    "node_modules/@github/keytar": {
      "version": "7.10.6",
      "resolved": "https://registry.npmjs.org/@github/keytar/-/keytar-7.10.6.tgz",
      "integrity": "sha512-mRW6cUsSG+nj4jp5gp8e91zPySaT73r+2JM6VyMZfrEgksjPmjSMr+tPGNOK3HUHV+GUU9B1LAiiYy/wmAnIxA==",
      "hasInstallScript": true,
      "license": "MIT",
      "dependencies": {
        "node-addon-api": "^8.3.0"
      }
    },
    "node_modules/@github/keytar/node_modules/node-addon-api": {
      "version": "8.6.0",
      "resolved": "https://registry.npmjs.org/node-addon-api/-/node-addon-api-8.6.0.tgz",
      "integrity": "sha512-gBVjCaqDlRUk0EwoPNKzIr9KkS9041G/q31IBShPs1Xz6UTA+EXdZADbzqAJQrpDRq71CIMnOP5VMut3SL0z5Q==",
      "license": "MIT",
      "engines": {
        "node": "^18 || ^20 || >= 21"
      }
    },
    "node_modules/@graphql-typed-document-node/core": {
      "version": "3.2.0",
      "resolved": "https://registry.npmjs.org/@graphql-typed-document-node/core/-/core-3.2.0.tgz",
      "integrity": "sha512-mB9oAsNCm9aM3/SOv4YtBMqZbYj10R7dkq8byBqxGY/ncFwhf2oQzMV+LCRlWoDSEBJ3COiR1yeDvMtsoOsuFQ==",
      "license": "MIT",
      "peerDependencies": {
        "graphql": "^0.8.0 || ^0.9.0 || ^0.10.0 || ^0.11.0 || ^0.12.0 || ^0.13.0 || ^14.0.0 || ^15.0.0 || ^16.0.0 || ^17.0.0"
      }
    },
    "node_modules/@linear/sdk": {
      "version": "75.0.0",
      "resolved": "https://registry.npmjs.org/@linear/sdk/-/sdk-75.0.0.tgz",
      "integrity": "sha512-gf/xmbiWc4cLHjoeOGCNVTglpy+M+ENHpP3bvU57wxD17s7j8zJGXp4wOStnRcQYR0FT+n/76fPp+XR3ZtEjDw==",
      "license": "MIT",
      "dependencies": {
        "@graphql-typed-document-node/core": "^3.2.0"
      },
      "engines": {
        "node": ">=18.x"
      }
    },
    "node_modules/graphql": {
      "version": "16.12.0",
      "resolved": "https://registry.npmjs.org/graphql/-/graphql-16.12.0.tgz",
      "integrity": "sha512-DKKrynuQRne0PNpEbzuEdHlYOMksHSUI8Zc9Unei5gTsMNA2/vMpoMz/yKba50pejK56qj98qM0SjYxAKi13gQ==",
      "license": "MIT",
      "peer": true,
      "engines": {
        "node": "^12.22.0 || ^14.16.0 || ^16.0.0 || >=17.0.0"
      }
    }
  }
}
